
Microsoft Visual Studio Solution File, Format Version 12.00
# Visual Studio Version 16
VisualStudioVersion = 16.0.30420.98
MinimumVisualStudioVersion = 10.0.40219.1
Project("{FAE04EC0-301F-11D3-BF4B-00C04F79EFBC}") = "GSS.DotNetAllInOne.WebAPI", "GSS.DotNetAllInOne.WebAPI\GSS.DotNetAllInOne.WebAPI.csproj", "{FE389C82-0480-401F-963A-701D3C7D41C9}"
EndProject
Global
	GlobalSection(SolutionConfigurationPlatforms) = preSolution
		Debug|Any CPU = Debug|Any CPU
		Release|Any CPU = Release|Any CPU
	EndGlobalSection
	GlobalSection(ProjectConfigurationPlatforms) = postSolution
		{FE389C82-0480-401F-963A-701D3C7D41C9}.Debug|Any CPU.ActiveCfg = Debug|Any CPU
		{FE389C82-0480-401F-963A-701D3C7D41C9}.Debug|Any CPU.Build.0 = Debug|Any CPU
		{FE389C82-0480-401F-963A-701D3C7D41C9}.Release|Any CPU.ActiveCfg = Release|Any CPU
		{FE389C82-0480-401F-963A-701D3C7D41C9}.Release|Any CPU.Build.0 = Release|Any CPU
	EndGlobalSection
	GlobalSection(SolutionProperties) = preSolution
		HideSolutionNode = FALSE
	EndGlobalSection
	GlobalSection(ExtensibilityGlobals) = postSolution
		SolutionGuid = {77BA0ED0-EE7B-4D3C-9070-155CBB3A7519}
	EndGlobalSection
EndGlobal
