
Microsoft Visual Studio Solution File, Format Version 12.00
# Visual Studio Version 16
VisualStudioVersion = 16.0.30420.98
MinimumVisualStudioVersion = 10.0.40219.1
Project("{2150E333-8FDC-42A3-9474-1A3956D46DE8}") = "Presentations", "Presentations", "{2D02E8DB-7511-475E-B1F8-1B543F45B9A2}"
EndProject
Project("{2150E333-8FDC-42A3-9474-1A3956D46DE8}") = "Core", "Core", "{D861D2F9-967F-467D-8DA9-ADA7541D7FEC}"
EndProject
Project("{2150E333-8FDC-42A3-9474-1A3956D46DE8}") = "Application", "Application", "{884DBBDF-84D0-4321-BFA4-2C422E0270A1}"
EndProject
Project("{2150E333-8FDC-42A3-9474-1A3956D46DE8}") = "Domain", "Domain", "{8D818E59-1760-41BC-B3F9-27916EDB363E}"
EndProject
Project("{2150E333-8FDC-42A3-9474-1A3956D46DE8}") = "Infrastructure", "Infrastructure", "{C948FD3E-3A3F-4E7C-9451-A547C4DCA54D}"
EndProject
Project("{FAE04EC0-301F-11D3-BF4B-00C04F79EFBC}") = "GSS.DotNetAllInOne.WebAPI", "Presentations\GSS.DotNetAllInOne.WebAPI\GSS.DotNetAllInOne.WebAPI.csproj", "{0E12FBB9-B60A-4822-9D81-5E8AA96667EE}"
EndProject
Project("{FAE04EC0-301F-11D3-BF4B-00C04F79EFBC}") = "GSS.DotNetAllInOne.Application", "Core\Application\GSS.DotNetAllInOne.Application\GSS.DotNetAllInOne.Application.csproj", "{3364175B-6958-47A4-963F-833D58C4CB63}"
EndProject
Project("{FAE04EC0-301F-11D3-BF4B-00C04F79EFBC}") = "GSS.DotNetAllInOne.Domain", "Core\Domain\GSS.DotNetAllInOne.Domain\GSS.DotNetAllInOne.Domain.csproj", "{69938359-C6E6-4D41-B843-AB51E2FEAE07}"
EndProject
Project("{FAE04EC0-301F-11D3-BF4B-00C04F79EFBC}") = "GSS.DotNetAllInOne.Persistence", "Infrastructure\GSS.DotNetAllInOne.Persistence\GSS.DotNetAllInOne.Persistence.csproj", "{56C19C14-97FB-4BA5-A42D-B32321E3B892}"
EndProject
Global
	GlobalSection(SolutionConfigurationPlatforms) = preSolution
		Debug|Any CPU = Debug|Any CPU
		Release|Any CPU = Release|Any CPU
	EndGlobalSection
	GlobalSection(ProjectConfigurationPlatforms) = postSolution
		{0E12FBB9-B60A-4822-9D81-5E8AA96667EE}.Debug|Any CPU.ActiveCfg = Debug|Any CPU
		{0E12FBB9-B60A-4822-9D81-5E8AA96667EE}.Debug|Any CPU.Build.0 = Debug|Any CPU
		{0E12FBB9-B60A-4822-9D81-5E8AA96667EE}.Release|Any CPU.ActiveCfg = Release|Any CPU
		{0E12FBB9-B60A-4822-9D81-5E8AA96667EE}.Release|Any CPU.Build.0 = Release|Any CPU
		{3364175B-6958-47A4-963F-833D58C4CB63}.Debug|Any CPU.ActiveCfg = Debug|Any CPU
		{3364175B-6958-47A4-963F-833D58C4CB63}.Debug|Any CPU.Build.0 = Debug|Any CPU
		{3364175B-6958-47A4-963F-833D58C4CB63}.Release|Any CPU.ActiveCfg = Release|Any CPU
		{3364175B-6958-47A4-963F-833D58C4CB63}.Release|Any CPU.Build.0 = Release|Any CPU
		{69938359-C6E6-4D41-B843-AB51E2FEAE07}.Debug|Any CPU.ActiveCfg = Debug|Any CPU
		{69938359-C6E6-4D41-B843-AB51E2FEAE07}.Debug|Any CPU.Build.0 = Debug|Any CPU
		{69938359-C6E6-4D41-B843-AB51E2FEAE07}.Release|Any CPU.ActiveCfg = Release|Any CPU
		{69938359-C6E6-4D41-B843-AB51E2FEAE07}.Release|Any CPU.Build.0 = Release|Any CPU
		{56C19C14-97FB-4BA5-A42D-B32321E3B892}.Debug|Any CPU.ActiveCfg = Debug|Any CPU
		{56C19C14-97FB-4BA5-A42D-B32321E3B892}.Debug|Any CPU.Build.0 = Debug|Any CPU
		{56C19C14-97FB-4BA5-A42D-B32321E3B892}.Release|Any CPU.ActiveCfg = Release|Any CPU
		{56C19C14-97FB-4BA5-A42D-B32321E3B892}.Release|Any CPU.Build.0 = Release|Any CPU
	EndGlobalSection
	GlobalSection(SolutionProperties) = preSolution
		HideSolutionNode = FALSE
	EndGlobalSection
	GlobalSection(NestedProjects) = preSolution
		{884DBBDF-84D0-4321-BFA4-2C422E0270A1} = {D861D2F9-967F-467D-8DA9-ADA7541D7FEC}
		{8D818E59-1760-41BC-B3F9-27916EDB363E} = {D861D2F9-967F-467D-8DA9-ADA7541D7FEC}
		{0E12FBB9-B60A-4822-9D81-5E8AA96667EE} = {2D02E8DB-7511-475E-B1F8-1B543F45B9A2}
		{3364175B-6958-47A4-963F-833D58C4CB63} = {884DBBDF-84D0-4321-BFA4-2C422E0270A1}
		{69938359-C6E6-4D41-B843-AB51E2FEAE07} = {8D818E59-1760-41BC-B3F9-27916EDB363E}
		{56C19C14-97FB-4BA5-A42D-B32321E3B892} = {C948FD3E-3A3F-4E7C-9451-A547C4DCA54D}
	EndGlobalSection
	GlobalSection(ExtensibilityGlobals) = postSolution
		SolutionGuid = {77BA0ED0-EE7B-4D3C-9070-155CBB3A7519}
	EndGlobalSection
EndGlobal
